
Microsoft Visual Studio Solution File, Format Version 12.00
Project("{FAE04EC0-301F-11D3-BF4B-00C04F79EFBC}") = "TaskTracker", "TaskTracker\TaskTracker.csproj", "{B241D89A-CE69-4217-8CBD-EA57491DD7BF}"
EndProject
Project("{FAE04EC0-301F-11D3-BF4B-00C04F79EFBC}") = "Entities", "Entities\Entities.csproj", "{921B5E7F-31A7-49D1-9875-CCDC3825324F}"
EndProject
Project("{2150E333-8FDC-42A3-9474-1A3956D46DE8}") = "Domain", "Domain", "{048B9A7B-FE77-4C4C-B830-C9F520BAD604}"
EndProject
Project("{2150E333-8FDC-42A3-9474-1A3956D46DE8}") = "Application", "Application", "{E6D312F7-027D-4AA1-A6AD-3E182647B26B}"
EndProject
Project("{2150E333-8FDC-42A3-9474-1A3956D46DE8}") = "source", "source", "{0E039771-B2D3-44E8-B328-BC0F4B253337}"
EndProject
Project("{FAE04EC0-301F-11D3-BF4B-00C04F79EFBC}") = "Enums", "Enums\Enums.csproj", "{F725B5D6-EB6A-45AB-9F8C-1165A5BF93A9}"
EndProject
Project("{2150E333-8FDC-42A3-9474-1A3956D46DE8}") = "tests", "tests", "{9D9875AA-8AF7-44ED-B398-4669B059DEB8}"
EndProject
Project("{FAE04EC0-301F-11D3-BF4B-00C04F79EFBC}") = "Domain.UnitTest", "Domain.UnitTest\Domain.UnitTest.csproj", "{196CE0E6-5795-47C2-8A06-259B3FE96C01}"
EndProject
Global
	GlobalSection(SolutionConfigurationPlatforms) = preSolution
		Debug|Any CPU = Debug|Any CPU
		Release|Any CPU = Release|Any CPU
	EndGlobalSection
	GlobalSection(ProjectConfigurationPlatforms) = postSolution
		{B241D89A-CE69-4217-8CBD-EA57491DD7BF}.Debug|Any CPU.ActiveCfg = Debug|Any CPU
		{B241D89A-CE69-4217-8CBD-EA57491DD7BF}.Debug|Any CPU.Build.0 = Debug|Any CPU
		{B241D89A-CE69-4217-8CBD-EA57491DD7BF}.Release|Any CPU.ActiveCfg = Release|Any CPU
		{B241D89A-CE69-4217-8CBD-EA57491DD7BF}.Release|Any CPU.Build.0 = Release|Any CPU
		{921B5E7F-31A7-49D1-9875-CCDC3825324F}.Debug|Any CPU.ActiveCfg = Debug|Any CPU
		{921B5E7F-31A7-49D1-9875-CCDC3825324F}.Debug|Any CPU.Build.0 = Debug|Any CPU
		{921B5E7F-31A7-49D1-9875-CCDC3825324F}.Release|Any CPU.ActiveCfg = Release|Any CPU
		{921B5E7F-31A7-49D1-9875-CCDC3825324F}.Release|Any CPU.Build.0 = Release|Any CPU
		{F725B5D6-EB6A-45AB-9F8C-1165A5BF93A9}.Debug|Any CPU.ActiveCfg = Debug|Any CPU
		{F725B5D6-EB6A-45AB-9F8C-1165A5BF93A9}.Debug|Any CPU.Build.0 = Debug|Any CPU
		{F725B5D6-EB6A-45AB-9F8C-1165A5BF93A9}.Release|Any CPU.ActiveCfg = Release|Any CPU
		{F725B5D6-EB6A-45AB-9F8C-1165A5BF93A9}.Release|Any CPU.Build.0 = Release|Any CPU
		{196CE0E6-5795-47C2-8A06-259B3FE96C01}.Debug|Any CPU.ActiveCfg = Debug|Any CPU
		{196CE0E6-5795-47C2-8A06-259B3FE96C01}.Debug|Any CPU.Build.0 = Debug|Any CPU
		{196CE0E6-5795-47C2-8A06-259B3FE96C01}.Release|Any CPU.ActiveCfg = Release|Any CPU
		{196CE0E6-5795-47C2-8A06-259B3FE96C01}.Release|Any CPU.Build.0 = Release|Any CPU
	EndGlobalSection
	GlobalSection(NestedProjects) = preSolution
		{921B5E7F-31A7-49D1-9875-CCDC3825324F} = {048B9A7B-FE77-4C4C-B830-C9F520BAD604}
		{B241D89A-CE69-4217-8CBD-EA57491DD7BF} = {E6D312F7-027D-4AA1-A6AD-3E182647B26B}
		{048B9A7B-FE77-4C4C-B830-C9F520BAD604} = {0E039771-B2D3-44E8-B328-BC0F4B253337}
		{E6D312F7-027D-4AA1-A6AD-3E182647B26B} = {0E039771-B2D3-44E8-B328-BC0F4B253337}
		{F725B5D6-EB6A-45AB-9F8C-1165A5BF93A9} = {048B9A7B-FE77-4C4C-B830-C9F520BAD604}
		{196CE0E6-5795-47C2-8A06-259B3FE96C01} = {9D9875AA-8AF7-44ED-B398-4669B059DEB8}
	EndGlobalSection
EndGlobal
